
Microsoft Visual Studio Solution File, Format Version 12.00
# Visual Studio Version 16
VisualStudioVersion = 16.0.31129.286
MinimumVisualStudioVersion = 10.0.40219.1
Project("{FAE04EC0-301F-11D3-BF4B-00C04F79EFBC}") = "SawyerAir", "SawyerAir\SawyerAir.csproj", "{6B0A1FB7-AF53-43A6-88D2-D565EC3BFC81}"
EndProject
Global
	GlobalSection(SolutionConfigurationPlatforms) = preSolution
		Debug|Any CPU = Debug|Any CPU
		Release|Any CPU = Release|Any CPU
	EndGlobalSection
	GlobalSection(ProjectConfigurationPlatforms) = postSolution
		{6B0A1FB7-AF53-43A6-88D2-D565EC3BFC81}.Debug|Any CPU.ActiveCfg = Debug|Any CPU
		{6B0A1FB7-AF53-43A6-88D2-D565EC3BFC81}.Debug|Any CPU.Build.0 = Debug|Any CPU
		{6B0A1FB7-AF53-43A6-88D2-D565EC3BFC81}.Release|Any CPU.ActiveCfg = Release|Any CPU
		{6B0A1FB7-AF53-43A6-88D2-D565EC3BFC81}.Release|Any CPU.Build.0 = Release|Any CPU
	EndGlobalSection
	GlobalSection(SolutionProperties) = preSolution
		HideSolutionNode = FALSE
	EndGlobalSection
	GlobalSection(ExtensibilityGlobals) = postSolution
		SolutionGuid = {5A2C5143-723D-46E0-B51A-B72555EAA60B}
	EndGlobalSection
EndGlobal
